
Microsoft Visual Studio Solution File, Format Version 11.00
# Visual Studio 2010
Project("{FAE04EC0-301F-11D3-BF4B-00C04F79EFBC}") = "Sid", "Sid\Sid.csproj", "{76534A52-871B-4EE6-AFAC-56C0E8C1E83F}"
EndProject
Project("{FAE04EC0-301F-11D3-BF4B-00C04F79EFBC}") = "Sid.Tests", "Sid.Tests\Sid.Tests.csproj", "{EF514A99-36B6-4738-939F-22D73D1C5A75}"
EndProject
Global
	GlobalSection(SolutionConfigurationPlatforms) = preSolution
		Debug|x86 = Debug|x86
		Release|x86 = Release|x86
	EndGlobalSection
	GlobalSection(ProjectConfigurationPlatforms) = postSolution
		{76534A52-871B-4EE6-AFAC-56C0E8C1E83F}.Debug|x86.ActiveCfg = Debug|x86
		{76534A52-871B-4EE6-AFAC-56C0E8C1E83F}.Debug|x86.Build.0 = Debug|x86
		{76534A52-871B-4EE6-AFAC-56C0E8C1E83F}.Release|x86.ActiveCfg = Release|x86
		{76534A52-871B-4EE6-AFAC-56C0E8C1E83F}.Release|x86.Build.0 = Release|x86
		{EF514A99-36B6-4738-939F-22D73D1C5A75}.Debug|x86.ActiveCfg = Debug|Any CPU
		{EF514A99-36B6-4738-939F-22D73D1C5A75}.Debug|x86.Build.0 = Debug|Any CPU
		{EF514A99-36B6-4738-939F-22D73D1C5A75}.Release|x86.ActiveCfg = Release|Any CPU
		{EF514A99-36B6-4738-939F-22D73D1C5A75}.Release|x86.Build.0 = Release|Any CPU
	EndGlobalSection
	GlobalSection(MonoDevelopProperties) = preSolution
		StartupItem = Sid\Sid.csproj
	EndGlobalSection
EndGlobal
